Microsoft Visual Studio Solution File, Format Version 12.00
# Visual Studio Version 17
VisualStudioVersion = 17.5.2.0
MinimumVisualStudioVersion = 10.0.40219.1
Project("{2150E333-8FDC-42A3-9474-1A3956D46DE8}") = "backend", "backend", "{1AE8ACA6-933B-BF2A-3671-3E2EAC007D16}"
EndProject
Project("{FAE04EC0-301F-11D3-BF4B-00C04F79EFBC}") = "SaferideAPI", "backend\SaferideAPI\SaferideAPI.csproj", "{1864D7CB-A1EB-8C5B-503D-8ABF065D6866}"
EndProject
Global
	GlobalSection(SolutionConfigurationPlatforms) = preSolution
		Debug|Any CPU = Debug|Any CPU
		Release|Any CPU = Release|Any CPU
	EndGlobalSection
	GlobalSection(ProjectConfigurationPlatforms) = postSolution
		{1864D7CB-A1EB-8C5B-503D-8ABF065D6866}.Debug|Any CPU.ActiveCfg = Debug|Any CPU
		{1864D7CB-A1EB-8C5B-503D-8ABF065D6866}.Debug|Any CPU.Build.0 = Debug|Any CPU
		{1864D7CB-A1EB-8C5B-503D-8ABF065D6866}.Release|Any CPU.ActiveCfg = Release|Any CPU
		{1864D7CB-A1EB-8C5B-503D-8ABF065D6866}.Release|Any CPU.Build.0 = Release|Any CPU
	EndGlobalSection
	GlobalSection(SolutionProperties) = preSolution
		HideSolutionNode = FALSE
	EndGlobalSection
	GlobalSection(NestedProjects) = preSolution
		{1864D7CB-A1EB-8C5B-503D-8ABF065D6866} = {1AE8ACA6-933B-BF2A-3671-3E2EAC007D16}
	EndGlobalSection
	GlobalSection(ExtensibilityGlobals) = postSolution
		SolutionGuid = {1A6BC81F-5D0A-426E-9E38-4AE0D5DAE222}
	EndGlobalSection
EndGlobal
